{
  "requires": true,
  "lockfileVersion": 1,
  "dependencies": {
    "bootstrap": {
      "version": "4.0.0",
      "resolved": "https://registry.npmjs.org/bootstrap/-/bootstrap-4.0.0.tgz",
      "integrity": "sha512-gulJE5dGFo6Q61V/whS6VM4WIyrlydXfCgkE+Gxe5hjrJ8rXLLZlALq7zq2RPhOc45PSwQpJkrTnc2KgD6cvmA=="
    },
    "bootstrap-select": {
      "version": "1.12.4",
      "resolved": "https://registry.npmjs.org/bootstrap-select/-/bootstrap-select-1.12.4.tgz",
      "integrity": "sha1-fxXTwM6XiGjZwJxw+WYk9V+gLuE=",
      "requires": {
        "jquery": "3.3.1"
      }
    },
    "classnames": {
      "version": "2.2.5",
      "resolved": "https://registry.npmjs.org/classnames/-/classnames-2.2.5.tgz",
      "integrity": "sha1-+zgB1FNGdknvNgPH1hoCvRKb3m0="
    },
    "datepicker-bootstrap": {
      "version": "1.8.0",
      "resolved": "https://registry.npmjs.org/datepicker-bootstrap/-/datepicker-bootstrap-1.8.0.tgz",
      "integrity": "sha512-tUxCqFdaOceQb9o9Hgd8w34cKA6vIp+qrD6hpmpVpjyqwSPs8UJb/4VACkZmMsMH0aYSIHnjkW3FqgywWWYTQQ==",
      "requires": {
        "jquery": "3.3.1"
      }
    },
    "dripicons": {
      "version": "2.0.0",
      "resolved": "https://registry.npmjs.org/dripicons/-/dripicons-2.0.0.tgz",
      "integrity": "sha512-Z/tQo4X47FqWuxmFWmfVYqXUwhZl5BOGnNTLSGMeJ8qYfNUwuDd+m2XDD6UYHUpa90nM7NMLqEalGShlE2xb4Q=="
    },
    "feather-icons": {
      "version": "4.5.0",
      "resolved": "https://registry.npmjs.org/feather-icons/-/feather-icons-4.5.0.tgz",
      "integrity": "sha512-0DmqGqjp0uANer1UDN+o51Uj8NwLUWyjXe65xqYusuthdHFXLN78v+b5YitEDDtiSwyy+weki4RC1793CkhdpQ==",
      "requires": {
        "classnames": "2.2.5"
      }
    },
    "jquery": {
      "version": "3.3.1",
      "resolved": "https://registry.npmjs.org/jquery/-/jquery-3.3.1.tgz",
      "integrity": "sha512-Ubldcmxp5np52/ENotGxlLe6aGMvmF4R8S6tZjsP6Knsaxd/xp3Zrh50cG93lR6nPXyUFwzN3ZSOQI0wRJNdGg=="
    },
    "roboto-fontface-woff": {
      "version": "0.8.0",
      "resolved": "https://registry.npmjs.org/roboto-fontface-woff/-/roboto-fontface-woff-0.8.0.tgz",
      "integrity": "sha512-Bx9ABEL6FHGNSYpcq0z5tztCDfBm2YYoM+3yc5xiZI4cYVH8jkHlAnQu4W4ahugr1Ewq4zE2X7N2plPOuIh1Nw=="
    }
  }
}
